// !$*UTF8*$!
{
	archiveVersion = 1;
	classes = {
	};
	objectVersion = 56;
	objects = {

/* Begin PBXBuildFile section */
		8A039CAE2C29BCD50014434E /* MenuView.swift in Sources */ = {isa = PBXBuildFile; fileRef = 8A039CAD2C29BCD40014434E /* MenuView.swift */; };
		8A097D9C2C31BA6000F03670 /* UsefullThoughts.swift in Sources */ = {isa = PBXBuildFile; fileRef = 8A097D9B2C31BA6000F03670 /* UsefullThoughts.swift */; };
		8A097D9E2C31BBCB00F03670 /* StructuredConcurrency.swift in Sources */ = {isa = PBXBuildFile; fileRef = 8A097D9D2C31BBCA00F03670 /* StructuredConcurrency.swift */; };
		8A0DC81E2C4A64C6000428B9 /* GeometryProxyInScrollView.swift in Sources */ = {isa = PBXBuildFile; fileRef = 8A0DC81D2C4A64C6000428B9 /* GeometryProxyInScrollView.swift */; };
		8A0DC8212C4A6C2C000428B9 /* GeometryProxyInSectionView.swift in Sources */ = {isa = PBXBuildFile; fileRef = 8A0DC8202C4A6C2C000428B9 /* GeometryProxyInSectionView.swift */; };
		8A0DC8232C4A758E000428B9 /* CustomSegmentedControl.swift in Sources */ = {isa = PBXBuildFile; fileRef = 8A0DC8222C4A758E000428B9 /* CustomSegmentedControl.swift */; };
		8A12DFC82C33FD9C003DACE1 /* Router.swift in Sources */ = {isa = PBXBuildFile; fileRef = 8A12DFC72C33FD9C003DACE1 /* Router.swift */; };
		8A12DFCA2C33FDE1003DACE1 /* RoutingApp.swift in Sources */ = {isa = PBXBuildFile; fileRef = 8A12DFC92C33FDE1003DACE1 /* RoutingApp.swift */; };
		8A12DFCC2C33FE1A003DACE1 /* RoutHomeView.swift in Sources */ = {isa = PBXBuildFile; fileRef = 8A12DFCB2C33FE1A003DACE1 /* RoutHomeView.swift */; };
		8A12DFCE2C33FE8A003DACE1 /* RoutLivingroomView.swift in Sources */ = {isa = PBXBuildFile; fileRef = 8A12DFCD2C33FE8A003DACE1 /* RoutLivingroomView.swift */; };
		8A12DFD02C33FEA8003DACE1 /* RoutBedroomView.swift in Sources */ = {isa = PBXBuildFile; fileRef = 8A12DFCF2C33FEA8003DACE1 /* RoutBedroomView.swift */; };
		8A14C4402C53D2F300118B13 /* EitherExampleView.swift in Sources */ = {isa = PBXBuildFile; fileRef = 8A14C43F2C53D2F300118B13 /* EitherExampleView.swift */; };
		8A20ED512C15A61C00D5915D /* AnimatedExampleView.swift in Sources */ = {isa = PBXBuildFile; fileRef = 8A20ED502C15A61C00D5915D /* AnimatedExampleView.swift */; };
		8A2F1A582C60F75E003DB628 /* FontsExampleView.swift in Sources */ = {isa = PBXBuildFile; fileRef = 8A2F1A572C60F75E003DB628 /* FontsExampleView.swift */; };
		8A39C0E12C4403FC00A7F855 /* AnimateTransition.swift in Sources */ = {isa = PBXBuildFile; fileRef = 8A39C0E02C4403FC00A7F855 /* AnimateTransition.swift */; };
		8A39C0E42C44065900A7F855 /* GeometryReaderParalaxView.swift in Sources */ = {isa = PBXBuildFile; fileRef = 8A39C0E32C44065900A7F855 /* GeometryReaderParalaxView.swift */; };
		8A3B99212BC4F087009B326E /* BounceEffectView.swift in Sources */ = {isa = PBXBuildFile; fileRef = 8A3B99202BC4F087009B326E /* BounceEffectView.swift */; };
		8A3B99232BC4F213009B326E /* PulseEffectView.swift in Sources */ = {isa = PBXBuildFile; fileRef = 8A3B99222BC4F213009B326E /* PulseEffectView.swift */; };
		8A3B99252BC4F474009B326E /* ExtractedView.swift in Sources */ = {isa = PBXBuildFile; fileRef = 8A3B99242BC4F474009B326E /* ExtractedView.swift */; };
		8A3B99272BC518DC009B326E /* VibrationColorEffect.swift in Sources */ = {isa = PBXBuildFile; fileRef = 8A3B99262BC518DC009B326E /* VibrationColorEffect.swift */; };
		8A3B99292BC51AC4009B326E /* ScaleEffect.swift in Sources */ = {isa = PBXBuildFile; fileRef = 8A3B99282BC51AC4009B326E /* ScaleEffect.swift */; };
		8A3B992B2BC51BB4009B326E /* AppearEffect.swift in Sources */ = {isa = PBXBuildFile; fileRef = 8A3B992A2BC51BB4009B326E /* AppearEffect.swift */; };
		8A3B992D2BC51DBB009B326E /* ReplaceEffect.swift in Sources */ = {isa = PBXBuildFile; fileRef = 8A3B992C2BC51DBB009B326E /* ReplaceEffect.swift */; };
		8A3FDF162C33EDAE00AF9F9B /* RoomListNavLinkView.swift in Sources */ = {isa = PBXBuildFile; fileRef = 8A3FDF152C33EDAE00AF9F9B /* RoomListNavLinkView.swift */; };
		8A3FDF182C33EDCD00AF9F9B /* RoomInfo.swift in Sources */ = {isa = PBXBuildFile; fileRef = 8A3FDF172C33EDCD00AF9F9B /* RoomInfo.swift */; };
		8A3FDF1A2C33EDFD00AF9F9B /* RoomDetail.swift in Sources */ = {isa = PBXBuildFile; fileRef = 8A3FDF192C33EDFD00AF9F9B /* RoomDetail.swift */; };
		8A3FDF1D2C33F0CB00AF9F9B /* HomeListNavPathView.swift in Sources */ = {isa = PBXBuildFile; fileRef = 8A3FDF1C2C33F0CB00AF9F9B /* HomeListNavPathView.swift */; };
		8A3FDF1F2C33F0FE00AF9F9B /* PaintInfo.swift in Sources */ = {isa = PBXBuildFile; fileRef = 8A3FDF1E2C33F0FE00AF9F9B /* PaintInfo.swift */; };
		8A9CE5BD2BD66EAA002C8EB1 /* AnimateNumbers.swift in Sources */ = {isa = PBXBuildFile; fileRef = 8A9CE5BC2BD66EAA002C8EB1 /* AnimateNumbers.swift */; };
		8AAD77612C6DE11B004E54D1 /* FunnyPicture.swift in Sources */ = {isa = PBXBuildFile; fileRef = 8AAD77602C6DE11B004E54D1 /* FunnyPicture.swift */; };
		8ADD6EE02BB41A8500C7D329 /* ObservableiOS17Style.swift in Sources */ = {isa = PBXBuildFile; fileRef = 8ADD6EDF2BB41A8500C7D329 /* ObservableiOS17Style.swift */; };
		8ADD6EE22BB4492F00C7D329 /* MulticolorSymbolsView.swift in Sources */ = {isa = PBXBuildFile; fileRef = 8ADD6EE12BB4492F00C7D329 /* MulticolorSymbolsView.swift */; };
		8ADD6EE42BB44AD200C7D329 /* AutomaticCountingView.swift in Sources */ = {isa = PBXBuildFile; fileRef = 8ADD6EE32BB44AD200C7D329 /* AutomaticCountingView.swift */; };
		8ADD6EE72BB4522000C7D329 /* Color+Ext.swift in Sources */ = {isa = PBXBuildFile; fileRef = 8ADD6EE62BB4522000C7D329 /* Color+Ext.swift */; };
		8ADD6F0E2BB59A4800C7D329 /* NavigationBarBaseSettingsView.swift in Sources */ = {isa = PBXBuildFile; fileRef = 8ADD6F0D2BB59A4800C7D329 /* NavigationBarBaseSettingsView.swift */; };
		8ADD6F102BB5A0CA00C7D329 /* NavigationBarButtonsPositioning.swift in Sources */ = {isa = PBXBuildFile; fileRef = 8ADD6F0F2BB5A0CA00C7D329 /* NavigationBarButtonsPositioning.swift */; };
		8ADF1AAA2BE20C6000F0C67F /* StopUsingGeometryReader.swift in Sources */ = {isa = PBXBuildFile; fileRef = 8ADF1AA92BE20C6000F0C67F /* StopUsingGeometryReader.swift */; };
		8ADF1AAC2BE210A100F0C67F /* StopUsingSpacerView.swift in Sources */ = {isa = PBXBuildFile; fileRef = 8ADF1AAB2BE210A100F0C67F /* StopUsingSpacerView.swift */; };
		8AE449992BC4577900406747 /* SystemImageIconMaskView.swift in Sources */ = {isa = PBXBuildFile; fileRef = 8AE449982BC4577900406747 /* SystemImageIconMaskView.swift */; };
		8AF0A8D82C317D540063E82A /* KeyboardCheckView.swift in Sources */ = {isa = PBXBuildFile; fileRef = 8AF0A8D72C317D540063E82A /* KeyboardCheckView.swift */; };
		8AF1C1712C256233003CABE6 /* ClaimButton.swift in Sources */ = {isa = PBXBuildFile; fileRef = 8AF1C1702C256233003CABE6 /* ClaimButton.swift */; };
		8AF1C1732C2562EF003CABE6 /* ClaimButtonViewModel.swift in Sources */ = {isa = PBXBuildFile; fileRef = 8AF1C1722C2562EF003CABE6 /* ClaimButtonViewModel.swift */; };
		8AF1C1752C25632F003CABE6 /* ClaimButtonContentView.swift in Sources */ = {isa = PBXBuildFile; fileRef = 8AF1C1742C25632F003CABE6 /* ClaimButtonContentView.swift */; };
		8AF2FB4F2C198FDA00B98D74 /* NPMainView.swift in Sources */ = {isa = PBXBuildFile; fileRef = 8AF2FB4E2C198FDA00B98D74 /* NPMainView.swift */; };
		8AF2FB512C198FF000B98D74 /* NPRecipesSearchView.swift in Sources */ = {isa = PBXBuildFile; fileRef = 8AF2FB502C198FF000B98D74 /* NPRecipesSearchView.swift */; };
		8AF2FB532C198FFD00B98D74 /* NPRecipesDetailView.swift in Sources */ = {isa = PBXBuildFile; fileRef = 8AF2FB522C198FFD00B98D74 /* NPRecipesDetailView.swift */; };
		8AF2FB552C19916300B98D74 /* NPRecipesFeedView.swift in Sources */ = {isa = PBXBuildFile; fileRef = 8AF2FB542C19916300B98D74 /* NPRecipesFeedView.swift */; };
		8AF2FB572C1991AD00B98D74 /* RecipesRouter.swift in Sources */ = {isa = PBXBuildFile; fileRef = 8AF2FB562C1991AD00B98D74 /* RecipesRouter.swift */; };
		8AFA1CE92C0DE0C300EC7A39 /* BottomSheetView.swift in Sources */ = {isa = PBXBuildFile; fileRef = 8AFA1CE82C0DE0C300EC7A39 /* BottomSheetView.swift */; };
		8AFE17612BB984E0002CC3AA /* MockData.swift in Sources */ = {isa = PBXBuildFile; fileRef = 8AFE17602BB984E0002CC3AA /* MockData.swift */; };
		8AFE17632BB985AB002CC3AA /* LazyVGridViewExample.swift in Sources */ = {isa = PBXBuildFile; fileRef = 8AFE17622BB985AB002CC3AA /* LazyVGridViewExample.swift */; };
		8AFE17652BB98E3A002CC3AA /* LazyHGridViewExample.swift in Sources */ = {isa = PBXBuildFile; fileRef = 8AFE17642BB98E3A002CC3AA /* LazyHGridViewExample.swift */; };
		8AFE17672BB98FCF002CC3AA /* StaticGridExampleView.swift in Sources */ = {isa = PBXBuildFile; fileRef = 8AFE17662BB98FCF002CC3AA /* StaticGridExampleView.swift */; };
		8AFE17692BB99476002CC3AA /* ScrollExampleView.swift in Sources */ = {isa = PBXBuildFile; fileRef = 8AFE17682BB99476002CC3AA /* ScrollExampleView.swift */; };
		8AFE178A2BBAC669002CC3AA /* DateFormatterView.swift in Sources */ = {isa = PBXBuildFile; fileRef = 8AFE17892BBAC669002CC3AA /* DateFormatterView.swift */; };
		8AFE7D692BF5FB4200BF1247 /* PickerAnimationView.swift in Sources */ = {isa = PBXBuildFile; fileRef = 8AFE7D682BF5FB4200BF1247 /* PickerAnimationView.swift */; };
		8AFEBFE02BB6F7AC0006C41A /* ToggleButtonsView.swift in Sources */ = {isa = PBXBuildFile; fileRef = 8AFEBFDF2BB6F7AC0006C41A /* ToggleButtonsView.swift */; };
		8AFF1ED72C5E4EDF0032C778 /* Rotation3DEffectView.swift in Sources */ = {isa = PBXBuildFile; fileRef = 8AFF1ED62C5E4EDF0032C778 /* Rotation3DEffectView.swift */; };
		952473C82B9A2607005E393F /* ScrollTransitionViewExample.swift in Sources */ = {isa = PBXBuildFile; fileRef = 952473C72B9A2607005E393F /* ScrollTransitionViewExample.swift */; };
		952473CA2B9A282C005E393F /* CustomTransitionsView.swift in Sources */ = {isa = PBXBuildFile; fileRef = 952473C92B9A282C005E393F /* CustomTransitionsView.swift */; };
		956087A92B9B96A700BAC9BA /* CustomAnimationsView.swift in Sources */ = {isa = PBXBuildFile; fileRef = 956087A82B9B96A700BAC9BA /* CustomAnimationsView.swift */; };
		956087AB2B9C4EAB00BAC9BA /* OnChangeView.swift in Sources */ = {isa = PBXBuildFile; fileRef = 956087AA2B9C4EAB00BAC9BA /* OnChangeView.swift */; };
		956087AD2B9C536B00BAC9BA /* ObservBindableView.swift in Sources */ = {isa = PBXBuildFile; fileRef = 956087AC2B9C536B00BAC9BA /* ObservBindableView.swift */; };
		956087AF2B9C54D800BAC9BA /* UnEvenRoundedRectangleView.swift in Sources */ = {isa = PBXBuildFile; fileRef = 956087AE2B9C54D800BAC9BA /* UnEvenRoundedRectangleView.swift */; };
		956087B12B9C567B00BAC9BA /* HapticFeedbackView.swift in Sources */ = {isa = PBXBuildFile; fileRef = 956087B02B9C567B00BAC9BA /* HapticFeedbackView.swift */; };
		956087B32B9DD6B400BAC9BA /* KeyframeAnimationView.swift in Sources */ = {isa = PBXBuildFile; fileRef = 956087B22B9DD6B400BAC9BA /* KeyframeAnimationView.swift */; };
		956087D52B9F6C4800BAC9BA /* Intro.swift in Sources */ = {isa = PBXBuildFile; fileRef = 956087D42B9F6C4800BAC9BA /* Intro.swift */; };
		956087D82B9F6EC700BAC9BA /* Home.swift in Sources */ = {isa = PBXBuildFile; fileRef = 956087D72B9F6EC700BAC9BA /* Home.swift */; };
		956087DA2BA6F7E300BAC9BA /* TransparentBlurEffectView.swift in Sources */ = {isa = PBXBuildFile; fileRef = 956087D92BA6F7E300BAC9BA /* TransparentBlurEffectView.swift */; };
		956087DC2BA6F85F00BAC9BA /* TransparentHomeView.swift in Sources */ = {isa = PBXBuildFile; fileRef = 956087DB2BA6F85F00BAC9BA /* TransparentHomeView.swift */; };
		957D36482B96DC8D00E5E342 /* SwiftUI_FeaturesApp.swift in Sources */ = {isa = PBXBuildFile; fileRef = 957D36472B96DC8D00E5E342 /* SwiftUI_FeaturesApp.swift */; };
		957D364A2B96DC8D00E5E342 /* ContentView.swift in Sources */ = {isa = PBXBuildFile; fileRef = 957D36492B96DC8D00E5E342 /* ContentView.swift */; };
		957D364C2B96DC9100E5E342 /* Assets.xcassets in Resources */ = {isa = PBXBuildFile; fileRef = 957D364B2B96DC9100E5E342 /* Assets.xcassets */; };
		957D364F2B96DC9100E5E342 /* Preview Assets.xcassets in Resources */ = {isa = PBXBuildFile; fileRef = 957D364E2B96DC9100E5E342 /* Preview Assets.xcassets */; };
		957D36562B9866F500E5E342 /* NewApiScrollView.swift in Sources */ = {isa = PBXBuildFile; fileRef = 957D36552B9866F500E5E342 /* NewApiScrollView.swift */; };
		95B7CE432BA8BE800030839E /* TransparentBlurView.swift in Sources */ = {isa = PBXBuildFile; fileRef = 95B7CE422BA8BE800030839E /* TransparentBlurView.swift */; };
		95B7CE462BA9799F0030839E /* HomeGlassView.swift in Sources */ = {isa = PBXBuildFile; fileRef = 95B7CE452BA9799F0030839E /* HomeGlassView.swift */; };
		95B7CE482BA97A840030839E /* GlassBackgroundView.swift in Sources */ = {isa = PBXBuildFile; fileRef = 95B7CE472BA97A840030839E /* GlassBackgroundView.swift */; };
		95EF736F2B988CBB00EF8C6A /* ReadingScrollView.swift in Sources */ = {isa = PBXBuildFile; fileRef = 95EF736E2B988CBB00EF8C6A /* ReadingScrollView.swift */; };
/* End PBXBuildFile section */

/* Begin PBXFileReference section */
		8A039CAD2C29BCD40014434E /* MenuView.swift */ = {isa = PBXFileReference; lastKnownFileType = sourcecode.swift; path = MenuView.swift; sourceTree = "<group>"; };
		8A097D9B2C31BA6000F03670 /* UsefullThoughts.swift */ = {isa = PBXFileReference; lastKnownFileType = sourcecode.swift; path = UsefullThoughts.swift; sourceTree = "<group>"; };
		8A097D9D2C31BBCA00F03670 /* StructuredConcurrency.swift */ = {isa = PBXFileReference; lastKnownFileType = sourcecode.swift; path = StructuredConcurrency.swift; sourceTree = "<group>"; };
		8A0DC81D2C4A64C6000428B9 /* GeometryProxyInScrollView.swift */ = {isa = PBXFileReference; lastKnownFileType = sourcecode.swift; path = GeometryProxyInScrollView.swift; sourceTree = "<group>"; };
		8A0DC8202C4A6C2C000428B9 /* GeometryProxyInSectionView.swift */ = {isa = PBXFileReference; lastKnownFileType = sourcecode.swift; path = GeometryProxyInSectionView.swift; sourceTree = "<group>"; };
		8A0DC8222C4A758E000428B9 /* CustomSegmentedControl.swift */ = {isa = PBXFileReference; lastKnownFileType = sourcecode.swift; path = CustomSegmentedControl.swift; sourceTree = "<group>"; };
		8A12DFC72C33FD9C003DACE1 /* Router.swift */ = {isa = PBXFileReference; lastKnownFileType = sourcecode.swift; path = Router.swift; sourceTree = "<group>"; };
		8A12DFC92C33FDE1003DACE1 /* RoutingApp.swift */ = {isa = PBXFileReference; lastKnownFileType = sourcecode.swift; path = RoutingApp.swift; sourceTree = "<group>"; };
		8A12DFCB2C33FE1A003DACE1 /* RoutHomeView.swift */ = {isa = PBXFileReference; lastKnownFileType = sourcecode.swift; path = RoutHomeView.swift; sourceTree = "<group>"; };
		8A12DFCD2C33FE8A003DACE1 /* RoutLivingroomView.swift */ = {isa = PBXFileReference; lastKnownFileType = sourcecode.swift; path = RoutLivingroomView.swift; sourceTree = "<group>"; };
		8A12DFCF2C33FEA8003DACE1 /* RoutBedroomView.swift */ = {isa = PBXFileReference; lastKnownFileType = sourcecode.swift; path = RoutBedroomView.swift; sourceTree = "<group>"; };
		8A14C43F2C53D2F300118B13 /* EitherExampleView.swift */ = {isa = PBXFileReference; lastKnownFileType = sourcecode.swift; path = EitherExampleView.swift; sourceTree = "<group>"; };
		8A20ED502C15A61C00D5915D /* AnimatedExampleView.swift */ = {isa = PBXFileReference; lastKnownFileType = sourcecode.swift; path = AnimatedExampleView.swift; sourceTree = "<group>"; };
		8A2F1A572C60F75E003DB628 /* FontsExampleView.swift */ = {isa = PBXFileReference; lastKnownFileType = sourcecode.swift; path = FontsExampleView.swift; sourceTree = "<group>"; };
		8A39C0E02C4403FC00A7F855 /* AnimateTransition.swift */ = {isa = PBXFileReference; lastKnownFileType = sourcecode.swift; path = AnimateTransition.swift; sourceTree = "<group>"; };
		8A39C0E32C44065900A7F855 /* GeometryReaderParalaxView.swift */ = {isa = PBXFileReference; lastKnownFileType = sourcecode.swift; path = GeometryReaderParalaxView.swift; sourceTree = "<group>"; };
		8A3B99202BC4F087009B326E /* BounceEffectView.swift */ = {isa = PBXFileReference; lastKnownFileType = sourcecode.swift; path = BounceEffectView.swift; sourceTree = "<group>"; };
		8A3B99222BC4F213009B326E /* PulseEffectView.swift */ = {isa = PBXFileReference; lastKnownFileType = sourcecode.swift; path = PulseEffectView.swift; sourceTree = "<group>"; };
		8A3B99242BC4F474009B326E /* ExtractedView.swift */ = {isa = PBXFileReference; lastKnownFileType = sourcecode.swift; path = ExtractedView.swift; sourceTree = "<group>"; };
		8A3B99262BC518DC009B326E /* VibrationColorEffect.swift */ = {isa = PBXFileReference; lastKnownFileType = sourcecode.swift; path = VibrationColorEffect.swift; sourceTree = "<group>"; };
		8A3B99282BC51AC4009B326E /* ScaleEffect.swift */ = {isa = PBXFileReference; lastKnownFileType = sourcecode.swift; path = ScaleEffect.swift; sourceTree = "<group>"; };
		8A3B992A2BC51BB4009B326E /* AppearEffect.swift */ = {isa = PBXFileReference; lastKnownFileType = sourcecode.swift; path = AppearEffect.swift; sourceTree = "<group>"; };
		8A3B992C2BC51DBB009B326E /* ReplaceEffect.swift */ = {isa = PBXFileReference; lastKnownFileType = sourcecode.swift; path = ReplaceEffect.swift; sourceTree = "<group>"; };
		8A3FDF152C33EDAE00AF9F9B /* RoomListNavLinkView.swift */ = {isa = PBXFileReference; lastKnownFileType = sourcecode.swift; path = RoomListNavLinkView.swift; sourceTree = "<group>"; };
		8A3FDF172C33EDCD00AF9F9B /* RoomInfo.swift */ = {isa = PBXFileReference; lastKnownFileType = sourcecode.swift; path = RoomInfo.swift; sourceTree = "<group>"; };
		8A3FDF192C33EDFD00AF9F9B /* RoomDetail.swift */ = {isa = PBXFileReference; lastKnownFileType = sourcecode.swift; path = RoomDetail.swift; sourceTree = "<group>"; };
		8A3FDF1C2C33F0CB00AF9F9B /* HomeListNavPathView.swift */ = {isa = PBXFileReference; lastKnownFileType = sourcecode.swift; path = HomeListNavPathView.swift; sourceTree = "<group>"; };
		8A3FDF1E2C33F0FE00AF9F9B /* PaintInfo.swift */ = {isa = PBXFileReference; lastKnownFileType = sourcecode.swift; path = PaintInfo.swift; sourceTree = "<group>"; };
		8A9CE5BC2BD66EAA002C8EB1 /* AnimateNumbers.swift */ = {isa = PBXFileReference; lastKnownFileType = sourcecode.swift; path = AnimateNumbers.swift; sourceTree = "<group>"; };
		8AAD77602C6DE11B004E54D1 /* FunnyPicture.swift */ = {isa = PBXFileReference; lastKnownFileType = sourcecode.swift; path = FunnyPicture.swift; sourceTree = "<group>"; };
		8ADD6EDF2BB41A8500C7D329 /* ObservableiOS17Style.swift */ = {isa = PBXFileReference; lastKnownFileType = sourcecode.swift; path = ObservableiOS17Style.swift; sourceTree = "<group>"; };
		8ADD6EE12BB4492F00C7D329 /* MulticolorSymbolsView.swift */ = {isa = PBXFileReference; lastKnownFileType = sourcecode.swift; path = MulticolorSymbolsView.swift; sourceTree = "<group>"; };
		8ADD6EE32BB44AD200C7D329 /* AutomaticCountingView.swift */ = {isa = PBXFileReference; lastKnownFileType = sourcecode.swift; path = AutomaticCountingView.swift; sourceTree = "<group>"; };
		8ADD6EE62BB4522000C7D329 /* Color+Ext.swift */ = {isa = PBXFileReference; lastKnownFileType = sourcecode.swift; path = "Color+Ext.swift"; sourceTree = "<group>"; };
		8ADD6F0D2BB59A4800C7D329 /* NavigationBarBaseSettingsView.swift */ = {isa = PBXFileReference; lastKnownFileType = sourcecode.swift; path = NavigationBarBaseSettingsView.swift; sourceTree = "<group>"; };
		8ADD6F0F2BB5A0CA00C7D329 /* NavigationBarButtonsPositioning.swift */ = {isa = PBXFileReference; lastKnownFileType = sourcecode.swift; path = NavigationBarButtonsPositioning.swift; sourceTree = "<group>"; };
		8ADF1AA92BE20C6000F0C67F /* StopUsingGeometryReader.swift */ = {isa = PBXFileReference; lastKnownFileType = sourcecode.swift; path = StopUsingGeometryReader.swift; sourceTree = "<group>"; };
		8ADF1AAB2BE210A100F0C67F /* StopUsingSpacerView.swift */ = {isa = PBXFileReference; lastKnownFileType = sourcecode.swift; path = StopUsingSpacerView.swift; sourceTree = "<group>"; };
		8AE449982BC4577900406747 /* SystemImageIconMaskView.swift */ = {isa = PBXFileReference; lastKnownFileType = sourcecode.swift; path = SystemImageIconMaskView.swift; sourceTree = "<group>"; };
		8AF0A8D72C317D540063E82A /* KeyboardCheckView.swift */ = {isa = PBXFileReference; lastKnownFileType = sourcecode.swift; path = KeyboardCheckView.swift; sourceTree = "<group>"; };
		8AF1C1702C256233003CABE6 /* ClaimButton.swift */ = {isa = PBXFileReference; lastKnownFileType = sourcecode.swift; path = ClaimButton.swift; sourceTree = "<group>"; };
		8AF1C1722C2562EF003CABE6 /* ClaimButtonViewModel.swift */ = {isa = PBXFileReference; lastKnownFileType = sourcecode.swift; path = ClaimButtonViewModel.swift; sourceTree = "<group>"; };
		8AF1C1742C25632F003CABE6 /* ClaimButtonContentView.swift */ = {isa = PBXFileReference; lastKnownFileType = sourcecode.swift; path = ClaimButtonContentView.swift; sourceTree = "<group>"; };
		8AF2FB4E2C198FDA00B98D74 /* NPMainView.swift */ = {isa = PBXFileReference; lastKnownFileType = sourcecode.swift; path = NPMainView.swift; sourceTree = "<group>"; };
		8AF2FB502C198FF000B98D74 /* NPRecipesSearchView.swift */ = {isa = PBXFileReference; lastKnownFileType = sourcecode.swift; path = NPRecipesSearchView.swift; sourceTree = "<group>"; };
		8AF2FB522C198FFD00B98D74 /* NPRecipesDetailView.swift */ = {isa = PBXFileReference; lastKnownFileType = sourcecode.swift; path = NPRecipesDetailView.swift; sourceTree = "<group>"; };
		8AF2FB542C19916300B98D74 /* NPRecipesFeedView.swift */ = {isa = PBXFileReference; lastKnownFileType = sourcecode.swift; path = NPRecipesFeedView.swift; sourceTree = "<group>"; };
		8AF2FB562C1991AD00B98D74 /* RecipesRouter.swift */ = {isa = PBXFileReference; lastKnownFileType = sourcecode.swift; path = RecipesRouter.swift; sourceTree = "<group>"; };
		8AFA1CE82C0DE0C300EC7A39 /* BottomSheetView.swift */ = {isa = PBXFileReference; lastKnownFileType = sourcecode.swift; path = BottomSheetView.swift; sourceTree = "<group>"; };
		8AFE17602BB984E0002CC3AA /* MockData.swift */ = {isa = PBXFileReference; lastKnownFileType = sourcecode.swift; path = MockData.swift; sourceTree = "<group>"; };
		8AFE17622BB985AB002CC3AA /* LazyVGridViewExample.swift */ = {isa = PBXFileReference; lastKnownFileType = sourcecode.swift; path = LazyVGridViewExample.swift; sourceTree = "<group>"; };
		8AFE17642BB98E3A002CC3AA /* LazyHGridViewExample.swift */ = {isa = PBXFileReference; lastKnownFileType = sourcecode.swift; path = LazyHGridViewExample.swift; sourceTree = "<group>"; };
		8AFE17662BB98FCF002CC3AA /* StaticGridExampleView.swift */ = {isa = PBXFileReference; lastKnownFileType = sourcecode.swift; path = StaticGridExampleView.swift; sourceTree = "<group>"; };
		8AFE17682BB99476002CC3AA /* ScrollExampleView.swift */ = {isa = PBXFileReference; lastKnownFileType = sourcecode.swift; path = ScrollExampleView.swift; sourceTree = "<group>"; };
		8AFE17892BBAC669002CC3AA /* DateFormatterView.swift */ = {isa = PBXFileReference; lastKnownFileType = sourcecode.swift; path = DateFormatterView.swift; sourceTree = "<group>"; };
		8AFE7D682BF5FB4200BF1247 /* PickerAnimationView.swift */ = {isa = PBXFileReference; lastKnownFileType = sourcecode.swift; path = PickerAnimationView.swift; sourceTree = "<group>"; };
		8AFEBFDF2BB6F7AC0006C41A /* ToggleButtonsView.swift */ = {isa = PBXFileReference; lastKnownFileType = sourcecode.swift; path = ToggleButtonsView.swift; sourceTree = "<group>"; };
		8AFF1ED62C5E4EDF0032C778 /* Rotation3DEffectView.swift */ = {isa = PBXFileReference; lastKnownFileType = sourcecode.swift; path = Rotation3DEffectView.swift; sourceTree = "<group>"; };
		952473C72B9A2607005E393F /* ScrollTransitionViewExample.swift */ = {isa = PBXFileReference; lastKnownFileType = sourcecode.swift; path = ScrollTransitionViewExample.swift; sourceTree = "<group>"; };
		952473C92B9A282C005E393F /* CustomTransitionsView.swift */ = {isa = PBXFileReference; lastKnownFileType = sourcecode.swift; path = CustomTransitionsView.swift; sourceTree = "<group>"; };
		956087A82B9B96A700BAC9BA /* CustomAnimationsView.swift */ = {isa = PBXFileReference; lastKnownFileType = sourcecode.swift; path = CustomAnimationsView.swift; sourceTree = "<group>"; };
		956087AA2B9C4EAB00BAC9BA /* OnChangeView.swift */ = {isa = PBXFileReference; lastKnownFileType = sourcecode.swift; path = OnChangeView.swift; sourceTree = "<group>"; };
		956087AC2B9C536B00BAC9BA /* ObservBindableView.swift */ = {isa = PBXFileReference; lastKnownFileType = sourcecode.swift; path = ObservBindableView.swift; sourceTree = "<group>"; };
		956087AE2B9C54D800BAC9BA /* UnEvenRoundedRectangleView.swift */ = {isa = PBXFileReference; lastKnownFileType = sourcecode.swift; path = UnEvenRoundedRectangleView.swift; sourceTree = "<group>"; };
		956087B02B9C567B00BAC9BA /* HapticFeedbackView.swift */ = {isa = PBXFileReference; lastKnownFileType = sourcecode.swift; path = HapticFeedbackView.swift; sourceTree = "<group>"; };
		956087B22B9DD6B400BAC9BA /* KeyframeAnimationView.swift */ = {isa = PBXFileReference; lastKnownFileType = sourcecode.swift; path = KeyframeAnimationView.swift; sourceTree = "<group>"; };
		956087D42B9F6C4800BAC9BA /* Intro.swift */ = {isa = PBXFileReference; lastKnownFileType = sourcecode.swift; path = Intro.swift; sourceTree = "<group>"; };
		956087D72B9F6EC700BAC9BA /* Home.swift */ = {isa = PBXFileReference; lastKnownFileType = sourcecode.swift; path = Home.swift; sourceTree = "<group>"; };
		956087D92BA6F7E300BAC9BA /* TransparentBlurEffectView.swift */ = {isa = PBXFileReference; lastKnownFileType = sourcecode.swift; path = TransparentBlurEffectView.swift; sourceTree = "<group>"; };
		956087DB2BA6F85F00BAC9BA /* TransparentHomeView.swift */ = {isa = PBXFileReference; lastKnownFileType = sourcecode.swift; path = TransparentHomeView.swift; sourceTree = "<group>"; };
		957D36442B96DC8D00E5E342 /* SwiftUI_Features.app */ = {isa = PBXFileReference; explicitFileType = wrapper.application; includeInIndex = 0; path = SwiftUI_Features.app; sourceTree = BUILT_PRODUCTS_DIR; };
		957D36472B96DC8D00E5E342 /* SwiftUI_FeaturesApp.swift */ = {isa = PBXFileReference; lastKnownFileType = sourcecode.swift; path = SwiftUI_FeaturesApp.swift; sourceTree = "<group>"; };
		957D36492B96DC8D00E5E342 /* ContentView.swift */ = {isa = PBXFileReference; lastKnownFileType = sourcecode.swift; path = ContentView.swift; sourceTree = "<group>"; };
		957D364B2B96DC9100E5E342 /* Assets.xcassets */ = {isa = PBXFileReference; lastKnownFileType = folder.assetcatalog; path = Assets.xcassets; sourceTree = "<group>"; };
		957D364E2B96DC9100E5E342 /* Preview Assets.xcassets */ = {isa = PBXFileReference; lastKnownFileType = folder.assetcatalog; path = "Preview Assets.xcassets"; sourceTree = "<group>"; };
		957D36552B9866F500E5E342 /* NewApiScrollView.swift */ = {isa = PBXFileReference; lastKnownFileType = sourcecode.swift; path = NewApiScrollView.swift; sourceTree = "<group>"; };
		95B7CE422BA8BE800030839E /* TransparentBlurView.swift */ = {isa = PBXFileReference; lastKnownFileType = sourcecode.swift; path = TransparentBlurView.swift; sourceTree = "<group>"; };
		95B7CE452BA9799F0030839E /* HomeGlassView.swift */ = {isa = PBXFileReference; lastKnownFileType = sourcecode.swift; path = HomeGlassView.swift; sourceTree = "<group>"; };
		95B7CE472BA97A840030839E /* GlassBackgroundView.swift */ = {isa = PBXFileReference; lastKnownFileType = sourcecode.swift; path = GlassBackgroundView.swift; sourceTree = "<group>"; };
		95EF736E2B988CBB00EF8C6A /* ReadingScrollView.swift */ = {isa = PBXFileReference; lastKnownFileType = sourcecode.swift; path = ReadingScrollView.swift; sourceTree = "<group>"; };
/* End PBXFileReference section */

/* Begin PBXFrameworksBuildPhase section */
		957D36412B96DC8D00E5E342 /* Frameworks */ = {
			isa = PBXFrameworksBuildPhase;
			buildActionMask = 2147483647;
			files = (
			);
			runOnlyForDeploymentPostprocessing = 0;
		};
/* End PBXFrameworksBuildPhase section */

/* Begin PBXGroup section */
		8A097D9A2C31BA2300F03670 /* Swift Concurrency */ = {
			isa = PBXGroup;
			children = (
				8A097D9B2C31BA6000F03670 /* UsefullThoughts.swift */,
				8A097D9D2C31BBCA00F03670 /* StructuredConcurrency.swift */,
			);
			path = "Swift Concurrency";
			sourceTree = "<group>";
		};
		8A0DC81F2C4A6B2F000428B9 /* GeometryProxy */ = {
			isa = PBXGroup;
			children = (
				8A0DC81D2C4A64C6000428B9 /* GeometryProxyInScrollView.swift */,
				8A0DC8202C4A6C2C000428B9 /* GeometryProxyInSectionView.swift */,
			);
			path = GeometryProxy;
			sourceTree = "<group>";
		};
		8A12DFC62C33FD89003DACE1 /* Routung */ = {
			isa = PBXGroup;
			children = (
				8A12DFC72C33FD9C003DACE1 /* Router.swift */,
				8A12DFC92C33FDE1003DACE1 /* RoutingApp.swift */,
				8A12DFCB2C33FE1A003DACE1 /* RoutHomeView.swift */,
				8A12DFCD2C33FE8A003DACE1 /* RoutLivingroomView.swift */,
				8A12DFCF2C33FEA8003DACE1 /* RoutBedroomView.swift */,
			);
			path = Routung;
			sourceTree = "<group>";
		};
		8A20ED4F2C15A60000D5915D /* Animated transition */ = {
			isa = PBXGroup;
			children = (
				8A20ED502C15A61C00D5915D /* AnimatedExampleView.swift */,
			);
			path = "Animated transition";
			sourceTree = "<group>";
		};
		8A39C0E22C44063800A7F855 /* GeometryReader */ = {
			isa = PBXGroup;
			children = (
				8ADF1AA92BE20C6000F0C67F /* StopUsingGeometryReader.swift */,
				8A39C0E32C44065900A7F855 /* GeometryReaderParalaxView.swift */,
			);
			path = GeometryReader;
			sourceTree = "<group>";
		};
		8A3B991F2BC4F067009B326E /* AnimationSFSymbols */ = {
			isa = PBXGroup;
			children = (
				8A3B99202BC4F087009B326E /* BounceEffectView.swift */,
				8A3B99242BC4F474009B326E /* ExtractedView.swift */,
				8A3B99222BC4F213009B326E /* PulseEffectView.swift */,
				8A3B99282BC51AC4009B326E /* ScaleEffect.swift */,
				8A3B99262BC518DC009B326E /* VibrationColorEffect.swift */,
				8A3B992A2BC51BB4009B326E /* AppearEffect.swift */,
				8A3B992C2BC51DBB009B326E /* ReplaceEffect.swift */,
				8AE449982BC4577900406747 /* SystemImageIconMaskView.swift */,
			);
			path = AnimationSFSymbols;
			sourceTree = "<group>";
		};
		8A3FDF132C33ED8000AF9F9B /* NavigationTypes */ = {
			isa = PBXGroup;
			children = (
				8A12DFC62C33FD89003DACE1 /* Routung */,
				8A3FDF1B2C33F06A00AF9F9B /* NavigationPath */,
				8A3FDF142C33ED9100AF9F9B /* NavigationLink */,
			);
			path = NavigationTypes;
			sourceTree = "<group>";
		};
		8A3FDF142C33ED9100AF9F9B /* NavigationLink */ = {
			isa = PBXGroup;
			children = (
				8A3FDF152C33EDAE00AF9F9B /* RoomListNavLinkView.swift */,
				8A3FDF172C33EDCD00AF9F9B /* RoomInfo.swift */,
				8A3FDF192C33EDFD00AF9F9B /* RoomDetail.swift */,
			);
			path = NavigationLink;
			sourceTree = "<group>";
		};
		8A3FDF1B2C33F06A00AF9F9B /* NavigationPath */ = {
			isa = PBXGroup;
			children = (
				8A3FDF1C2C33F0CB00AF9F9B /* HomeListNavPathView.swift */,
				8A3FDF1E2C33F0FE00AF9F9B /* PaintInfo.swift */,
			);
			path = NavigationPath;
			sourceTree = "<group>";
		};
		8A9CE5BB2BD66E7F002C8EB1 /* Animations */ = {
			isa = PBXGroup;
			children = (
				8A20ED4F2C15A60000D5915D /* Animated transition */,
				8A3B991F2BC4F067009B326E /* AnimationSFSymbols */,
				8A9CE5BC2BD66EAA002C8EB1 /* AnimateNumbers.swift */,
				8A39C0E02C4403FC00A7F855 /* AnimateTransition.swift */,
			);
			path = Animations;
			sourceTree = "<group>";
		};
		8AAD775E2C6DDF8E004E54D1 /* ScrollView */ = {
			isa = PBXGroup;
			children = (
				8AAD775F2C6DE0F0004E54D1 /* Model */,
			);
			path = ScrollView;
			sourceTree = "<group>";
		};
		8AAD775F2C6DE0F0004E54D1 /* Model */ = {
			isa = PBXGroup;
			children = (
				8AAD77602C6DE11B004E54D1 /* FunnyPicture.swift */,
			);
			path = Model;
			sourceTree = "<group>";
		};
		8ADD6EE52BB4521000C7D329 /* Extensions */ = {
			isa = PBXGroup;
			children = (
				8ADD6EE62BB4522000C7D329 /* Color+Ext.swift */,
			);
			path = Extensions;
			sourceTree = "<group>";
		};
		8ADD6F0C2BB599EC00C7D329 /* Navigation Bar */ = {
			isa = PBXGroup;
			children = (
				8ADD6F0D2BB59A4800C7D329 /* NavigationBarBaseSettingsView.swift */,
				8ADD6F0F2BB5A0CA00C7D329 /* NavigationBarButtonsPositioning.swift */,
			);
			path = "Navigation Bar";
			sourceTree = "<group>";
		};
		8AF1C16F2C25620C003CABE6 /* Button */ = {
			isa = PBXGroup;
			children = (
				8AF1C1702C256233003CABE6 /* ClaimButton.swift */,
				8AF1C1742C25632F003CABE6 /* ClaimButtonContentView.swift */,
				8AF1C1722C2562EF003CABE6 /* ClaimButtonViewModel.swift */,
			);
			path = Button;
			sourceTree = "<group>";
		};
		8AF2FB4A2C198E0A00B98D74 /* Navigation */ = {
			isa = PBXGroup;
			children = (
				8A3FDF132C33ED8000AF9F9B /* NavigationTypes */,
				8AF2FB4B2C198E1600B98D74 /* NavigationPath */,
				8ADD6F0C2BB599EC00C7D329 /* Navigation Bar */,
			);
			path = Navigation;
			sourceTree = "<group>";
		};
		8AF2FB4B2C198E1600B98D74 /* NavigationPath */ = {
			isa = PBXGroup;
			children = (
				8AF2FB4E2C198FDA00B98D74 /* NPMainView.swift */,
				8AF2FB502C198FF000B98D74 /* NPRecipesSearchView.swift */,
				8AF2FB522C198FFD00B98D74 /* NPRecipesDetailView.swift */,
				8AF2FB542C19916300B98D74 /* NPRecipesFeedView.swift */,
				8AF2FB562C1991AD00B98D74 /* RecipesRouter.swift */,
			);
			path = NavigationPath;
			sourceTree = "<group>";
		};
		8AFA1CE72C0DE08700EC7A39 /* Bottom Sheet */ = {
			isa = PBXGroup;
			children = (
				8AFA1CE82C0DE0C300EC7A39 /* BottomSheetView.swift */,
			);
			path = "Bottom Sheet";
			sourceTree = "<group>";
		};
		8AFE175F2BB9847D002CC3AA /* Grids */ = {
			isa = PBXGroup;
			children = (
				8AFE17622BB985AB002CC3AA /* LazyVGridViewExample.swift */,
				8AFE17642BB98E3A002CC3AA /* LazyHGridViewExample.swift */,
				8AFE17662BB98FCF002CC3AA /* StaticGridExampleView.swift */,
				8AFE17682BB99476002CC3AA /* ScrollExampleView.swift */,
			);
			path = Grids;
			sourceTree = "<group>";
		};
		8AFE17882BBAC642002CC3AA /* Formatters */ = {
			isa = PBXGroup;
			children = (
				8AFE17892BBAC669002CC3AA /* DateFormatterView.swift */,
			);
			path = Formatters;
			sourceTree = "<group>";
		};
		8AFE7D672BF5FB2900BF1247 /* Picker Animation */ = {
			isa = PBXGroup;
			children = (
				8AFE7D682BF5FB4200BF1247 /* PickerAnimationView.swift */,
			);
			path = "Picker Animation";
			sourceTree = "<group>";
		};
		8AFEBFDE2BB6F7910006C41A /* Controls */ = {
			isa = PBXGroup;
			children = (
				8AF1C16F2C25620C003CABE6 /* Button */,
				8AFEBFDF2BB6F7AC0006C41A /* ToggleButtonsView.swift */,
			);
			path = Controls;
			sourceTree = "<group>";
		};
		8AFF1ED52C5E4EBF0032C778 /* Transformation */ = {
			isa = PBXGroup;
			children = (
				8AFF1ED62C5E4EDF0032C778 /* Rotation3DEffectView.swift */,
			);
			path = Transformation;
			sourceTree = "<group>";
		};
		956087D32B9F6C3500BAC9BA /* Model */ = {
			isa = PBXGroup;
			children = (
				956087D42B9F6C4800BAC9BA /* Intro.swift */,
				956087DB2BA6F85F00BAC9BA /* TransparentHomeView.swift */,
				95B7CE422BA8BE800030839E /* TransparentBlurView.swift */,
				8AFE17602BB984E0002CC3AA /* MockData.swift */,
			);
			path = Model;
			sourceTree = "<group>";
		};
		956087D62B9F6EB500BAC9BA /* View */ = {
			isa = PBXGroup;
			children = (
				956087D72B9F6EC700BAC9BA /* Home.swift */,
			);
			path = View;
			sourceTree = "<group>";
		};
		957D363B2B96DC8D00E5E342 = {
			isa = PBXGroup;
			children = (
				957D36452B96DC8D00E5E342 /* Products */,
				957D36462B96DC8D00E5E342 /* SwiftUI_Features */,
			);
			sourceTree = "<group>";
		};
		957D36452B96DC8D00E5E342 /* Products */ = {
			isa = PBXGroup;
			children = (
				957D36442B96DC8D00E5E342 /* SwiftUI_Features.app */,
			);
			name = Products;
			sourceTree = "<group>";
		};
		957D36462B96DC8D00E5E342 /* SwiftUI_Features */ = {
			isa = PBXGroup;
			children = (
				8A9CE5BB2BD66E7F002C8EB1 /* Animations */,
				957D364B2B96DC9100E5E342 /* Assets.xcassets */,
				8ADD6EE32BB44AD200C7D329 /* AutomaticCountingView.swift */,
				8AFA1CE72C0DE08700EC7A39 /* Bottom Sheet */,
				957D36492B96DC8D00E5E342 /* ContentView.swift */,
				8AFEBFDE2BB6F7910006C41A /* Controls */,
				956087A82B9B96A700BAC9BA /* CustomAnimationsView.swift */,
				8A0DC8222C4A758E000428B9 /* CustomSegmentedControl.swift */,
				952473C92B9A282C005E393F /* CustomTransitionsView.swift */,
				8A14C43F2C53D2F300118B13 /* EitherExampleView.swift */,
				8ADD6EE52BB4521000C7D329 /* Extensions */,
				8A2F1A572C60F75E003DB628 /* FontsExampleView.swift */,
				8AFE17882BBAC642002CC3AA /* Formatters */,
				8A0DC81F2C4A6B2F000428B9 /* GeometryProxy */,
				8A39C0E22C44063800A7F855 /* GeometryReader */,
				95B7CE442BA9785C0030839E /* Glass Background Effect */,
				8AFE175F2BB9847D002CC3AA /* Grids */,
				956087B02B9C567B00BAC9BA /* HapticFeedbackView.swift */,
				8AF0A8D72C317D540063E82A /* KeyboardCheckView.swift */,
				956087B22B9DD6B400BAC9BA /* KeyframeAnimationView.swift */,
				8A039CAD2C29BCD40014434E /* MenuView.swift */,
				956087D32B9F6C3500BAC9BA /* Model */,
				8ADD6EE12BB4492F00C7D329 /* MulticolorSymbolsView.swift */,
				8AF2FB4A2C198E0A00B98D74 /* Navigation */,
				957D36552B9866F500E5E342 /* NewApiScrollView.swift */,
				8ADD6EDF2BB41A8500C7D329 /* ObservableiOS17Style.swift */,
				956087AC2B9C536B00BAC9BA /* ObservBindableView.swift */,
				956087AA2B9C4EAB00BAC9BA /* OnChangeView.swift */,
				8AFE7D672BF5FB2900BF1247 /* Picker Animation */,
				957D364D2B96DC9100E5E342 /* Preview Content */,
				95EF736E2B988CBB00EF8C6A /* ReadingScrollView.swift */,
				952473C72B9A2607005E393F /* ScrollTransitionViewExample.swift */,
				8AAD775E2C6DDF8E004E54D1 /* ScrollView */,
				8ADF1AAB2BE210A100F0C67F /* StopUsingSpacerView.swift */,
				8A097D9A2C31BA2300F03670 /* Swift Concurrency */,
				957D36472B96DC8D00E5E342 /* SwiftUI_FeaturesApp.swift */,
				8AFF1ED52C5E4EBF0032C778 /* Transformation */,
				956087D92BA6F7E300BAC9BA /* TransparentBlurEffectView.swift */,
				956087AE2B9C54D800BAC9BA /* UnEvenRoundedRectangleView.swift */,
				956087D62B9F6EB500BAC9BA /* View */,
			);
			path = SwiftUI_Features;
			sourceTree = "<group>";
		};
		957D364D2B96DC9100E5E342 /* Preview Content */ = {
			isa = PBXGroup;
			children = (
				957D364E2B96DC9100E5E342 /* Preview Assets.xcassets */,
			);
			path = "Preview Content";
			sourceTree = "<group>";
		};
		95B7CE442BA9785C0030839E /* Glass Background Effect */ = {
			isa = PBXGroup;
			children = (
				95B7CE452BA9799F0030839E /* HomeGlassView.swift */,
				95B7CE472BA97A840030839E /* GlassBackgroundView.swift */,
			);
			path = "Glass Background Effect";
			sourceTree = "<group>";
		};
/* End PBXGroup section */

/* Begin PBXNativeTarget section */
		957D36432B96DC8D00E5E342 /* SwiftUI_Features */ = {
			isa = PBXNativeTarget;
			buildConfigurationList = 957D36522B96DC9100E5E342 /* Build configuration list for PBXNativeTarget "SwiftUI_Features" */;
			buildPhases = (
				957D36402B96DC8D00E5E342 /* Sources */,
				957D36412B96DC8D00E5E342 /* Frameworks */,
				957D36422B96DC8D00E5E342 /* Resources */,
			);
			buildRules = (
			);
			dependencies = (
			);
			name = SwiftUI_Features;
			productName = SwiftUI_Features;
			productReference = 957D36442B96DC8D00E5E342 /* SwiftUI_Features.app */;
			productType = "com.apple.product-type.application";
		};
/* End PBXNativeTarget section */

/* Begin PBXProject section */
		957D363C2B96DC8D00E5E342 /* Project object */ = {
			isa = PBXProject;
			attributes = {
				BuildIndependentTargetsInParallel = 1;
				LastSwiftUpdateCheck = 1510;
				LastUpgradeCheck = 1510;
				TargetAttributes = {
					957D36432B96DC8D00E5E342 = {
						CreatedOnToolsVersion = 15.1;
					};
				};
			};
			buildConfigurationList = 957D363F2B96DC8D00E5E342 /* Build configuration list for PBXProject "SwiftUI_Features" */;
			compatibilityVersion = "Xcode 14.0";
			developmentRegion = en;
			hasScannedForEncodings = 0;
			knownRegions = (
				en,
				Base,
			);
			mainGroup = 957D363B2B96DC8D00E5E342;
			productRefGroup = 957D36452B96DC8D00E5E342 /* Products */;
			projectDirPath = "";
			projectRoot = "";
			targets = (
				957D36432B96DC8D00E5E342 /* SwiftUI_Features */,
			);
		};
/* End PBXProject section */

/* Begin PBXResourcesBuildPhase section */
		957D36422B96DC8D00E5E342 /* Resources */ = {
			isa = PBXResourcesBuildPhase;
			buildActionMask = 2147483647;
			files = (
				957D364F2B96DC9100E5E342 /* Preview Assets.xcassets in Resources */,
				957D364C2B96DC9100E5E342 /* Assets.xcassets in Resources */,
			);
			runOnlyForDeploymentPostprocessing = 0;
		};
/* End PBXResourcesBuildPhase section */

/* Begin PBXSourcesBuildPhase section */
		957D36402B96DC8D00E5E342 /* Sources */ = {
			isa = PBXSourcesBuildPhase;
			buildActionMask = 2147483647;
			files = (
				8A3B992B2BC51BB4009B326E /* AppearEffect.swift in Sources */,
				8ADF1AAA2BE20C6000F0C67F /* StopUsingGeometryReader.swift in Sources */,
				8AFEBFE02BB6F7AC0006C41A /* ToggleButtonsView.swift in Sources */,
				952473CA2B9A282C005E393F /* CustomTransitionsView.swift in Sources */,
				956087B12B9C567B00BAC9BA /* HapticFeedbackView.swift in Sources */,
				8ADD6EE02BB41A8500C7D329 /* ObservableiOS17Style.swift in Sources */,
				8ADD6EE42BB44AD200C7D329 /* AutomaticCountingView.swift in Sources */,
				8AF2FB512C198FF000B98D74 /* NPRecipesSearchView.swift in Sources */,
				8A9CE5BD2BD66EAA002C8EB1 /* AnimateNumbers.swift in Sources */,
				8AF1C1752C25632F003CABE6 /* ClaimButtonContentView.swift in Sources */,
				957D364A2B96DC8D00E5E342 /* ContentView.swift in Sources */,
				8AF2FB4F2C198FDA00B98D74 /* NPMainView.swift in Sources */,
				8AF2FB552C19916300B98D74 /* NPRecipesFeedView.swift in Sources */,
				8A3B992D2BC51DBB009B326E /* ReplaceEffect.swift in Sources */,
				8A097D9E2C31BBCB00F03670 /* StructuredConcurrency.swift in Sources */,
				8AE449992BC4577900406747 /* SystemImageIconMaskView.swift in Sources */,
				8AFA1CE92C0DE0C300EC7A39 /* BottomSheetView.swift in Sources */,
				952473C82B9A2607005E393F /* ScrollTransitionViewExample.swift in Sources */,
				8AFE17652BB98E3A002CC3AA /* LazyHGridViewExample.swift in Sources */,
				8A39C0E42C44065900A7F855 /* GeometryReaderParalaxView.swift in Sources */,
				95B7CE432BA8BE800030839E /* TransparentBlurView.swift in Sources */,
				8AFE17632BB985AB002CC3AA /* LazyVGridViewExample.swift in Sources */,
				8A12DFCE2C33FE8A003DACE1 /* RoutLivingroomView.swift in Sources */,
				8A3B99232BC4F213009B326E /* PulseEffectView.swift in Sources */,
				8A097D9C2C31BA6000F03670 /* UsefullThoughts.swift in Sources */,
				956087AB2B9C4EAB00BAC9BA /* OnChangeView.swift in Sources */,
				8A12DFCA2C33FDE1003DACE1 /* RoutingApp.swift in Sources */,
				8AFE7D692BF5FB4200BF1247 /* PickerAnimationView.swift in Sources */,
				956087D52B9F6C4800BAC9BA /* Intro.swift in Sources */,
				8AF1C1732C2562EF003CABE6 /* ClaimButtonViewModel.swift in Sources */,
				8A3B99212BC4F087009B326E /* BounceEffectView.swift in Sources */,
				956087D82B9F6EC700BAC9BA /* Home.swift in Sources */,
				8AF2FB532C198FFD00B98D74 /* NPRecipesDetailView.swift in Sources */,
				8ADD6F0E2BB59A4800C7D329 /* NavigationBarBaseSettingsView.swift in Sources */,
				8A3B99292BC51AC4009B326E /* ScaleEffect.swift in Sources */,
				957D36562B9866F500E5E342 /* NewApiScrollView.swift in Sources */,
				8ADF1AAC2BE210A100F0C67F /* StopUsingSpacerView.swift in Sources */,
				8A12DFCC2C33FE1A003DACE1 /* RoutHomeView.swift in Sources */,
				8A39C0E12C4403FC00A7F855 /* AnimateTransition.swift in Sources */,
				8A3FDF182C33EDCD00AF9F9B /* RoomInfo.swift in Sources */,
				8A20ED512C15A61C00D5915D /* AnimatedExampleView.swift in Sources */,
				8A3FDF1A2C33EDFD00AF9F9B /* RoomDetail.swift in Sources */,
				8ADD6EE22BB4492F00C7D329 /* MulticolorSymbolsView.swift in Sources */,
				8AFE17692BB99476002CC3AA /* ScrollExampleView.swift in Sources */,
				95B7CE482BA97A840030839E /* GlassBackgroundView.swift in Sources */,
				8A12DFC82C33FD9C003DACE1 /* Router.swift in Sources */,
				8AF0A8D82C317D540063E82A /* KeyboardCheckView.swift in Sources */,
				8A12DFD02C33FEA8003DACE1 /* RoutBedroomView.swift in Sources */,
				8A14C4402C53D2F300118B13 /* EitherExampleView.swift in Sources */,
				8A0DC8212C4A6C2C000428B9 /* GeometryProxyInSectionView.swift in Sources */,
				8A3B99272BC518DC009B326E /* VibrationColorEffect.swift in Sources */,
				95EF736F2B988CBB00EF8C6A /* ReadingScrollView.swift in Sources */,
				8AAD77612C6DE11B004E54D1 /* FunnyPicture.swift in Sources */,
				8ADD6F102BB5A0CA00C7D329 /* NavigationBarButtonsPositioning.swift in Sources */,
				8A0DC8232C4A758E000428B9 /* CustomSegmentedControl.swift in Sources */,
				8AF2FB572C1991AD00B98D74 /* RecipesRouter.swift in Sources */,
				8A039CAE2C29BCD50014434E /* MenuView.swift in Sources */,
				8A3FDF1D2C33F0CB00AF9F9B /* HomeListNavPathView.swift in Sources */,
				8A0DC81E2C4A64C6000428B9 /* GeometryProxyInScrollView.swift in Sources */,
				8A3FDF1F2C33F0FE00AF9F9B /* PaintInfo.swift in Sources */,
				8AFE17672BB98FCF002CC3AA /* StaticGridExampleView.swift in Sources */,
				956087A92B9B96A700BAC9BA /* CustomAnimationsView.swift in Sources */,
				8AFF1ED72C5E4EDF0032C778 /* Rotation3DEffectView.swift in Sources */,
				956087DC2BA6F85F00BAC9BA /* TransparentHomeView.swift in Sources */,
				956087AD2B9C536B00BAC9BA /* ObservBindableView.swift in Sources */,
				8AF1C1712C256233003CABE6 /* ClaimButton.swift in Sources */,
				956087B32B9DD6B400BAC9BA /* KeyframeAnimationView.swift in Sources */,
				956087DA2BA6F7E300BAC9BA /* TransparentBlurEffectView.swift in Sources */,
				8A3B99252BC4F474009B326E /* ExtractedView.swift in Sources */,
				8AFE17612BB984E0002CC3AA /* MockData.swift in Sources */,
				8ADD6EE72BB4522000C7D329 /* Color+Ext.swift in Sources */,
				8A2F1A582C60F75E003DB628 /* FontsExampleView.swift in Sources */,
				956087AF2B9C54D800BAC9BA /* UnEvenRoundedRectangleView.swift in Sources */,
				8A3FDF162C33EDAE00AF9F9B /* RoomListNavLinkView.swift in Sources */,
				95B7CE462BA9799F0030839E /* HomeGlassView.swift in Sources */,
				957D36482B96DC8D00E5E342 /* SwiftUI_FeaturesApp.swift in Sources */,
				8AFE178A2BBAC669002CC3AA /* DateFormatterView.swift in Sources */,
			);
			runOnlyForDeploymentPostprocessing = 0;
		};
/* End PBXSourcesBuildPhase section */

/* Begin XCBuildConfiguration section */
		957D36502B96DC9100E5E342 /* Debug */ = {
			isa = XCBuildConfiguration;
			buildSettings = {
				ALWAYS_SEARCH_USER_PATHS = NO;
				ASSETCATALOG_COMPILER_GENERATE_SWIFT_ASSET_SYMBOL_EXTENSIONS = YES;
				CLANG_ANALYZER_NONNULL = YES;
				CLANG_ANALYZER_NUMBER_OBJECT_CONVERSION = YES_AGGRESSIVE;
				CLANG_CXX_LANGUAGE_STANDARD = "gnu++20";
				CLANG_ENABLE_MODULES = YES;
				CLANG_ENABLE_OBJC_ARC = YES;
				CLANG_ENABLE_OBJC_WEAK = YES;
				CLANG_WARN_BLOCK_CAPTURE_AUTORELEASING = YES;
				CLANG_WARN_BOOL_CONVERSION = YES;
				CLANG_WARN_COMMA = YES;
				CLANG_WARN_CONSTANT_CONVERSION = YES;
				CLANG_WARN_DEPRECATED_OBJC_IMPLEMENTATIONS = YES;
				CLANG_WARN_DIRECT_OBJC_ISA_USAGE = YES_ERROR;
				CLANG_WARN_DOCUMENTATION_COMMENTS = YES;
				CLANG_WARN_EMPTY_BODY = YES;
				CLANG_WARN_ENUM_CONVERSION = YES;
				CLANG_WARN_INFINITE_RECURSION = YES;
				CLANG_WARN_INT_CONVERSION = YES;
				CLANG_WARN_NON_LITERAL_NULL_CONVERSION = YES;
				CLANG_WARN_OBJC_IMPLICIT_RETAIN_SELF = YES;
				CLANG_WARN_OBJC_LITERAL_CONVERSION = YES;
				CLANG_WARN_OBJC_ROOT_CLASS = YES_ERROR;
				CLANG_WARN_QUOTED_INCLUDE_IN_FRAMEWORK_HEADER = YES;
				CLANG_WARN_RANGE_LOOP_ANALYSIS = YES;
				CLANG_WARN_STRICT_PROTOTYPES = YES;
				CLANG_WARN_SUSPICIOUS_MOVE = YES;
				CLANG_WARN_UNGUARDED_AVAILABILITY = YES_AGGRESSIVE;
				CLANG_WARN_UNREACHABLE_CODE = YES;
				CLANG_WARN__DUPLICATE_METHOD_MATCH = YES;
				COPY_PHASE_STRIP = NO;
				DEBUG_INFORMATION_FORMAT = dwarf;
				ENABLE_STRICT_OBJC_MSGSEND = YES;
				ENABLE_TESTABILITY = YES;
				ENABLE_USER_SCRIPT_SANDBOXING = YES;
				GCC_C_LANGUAGE_STANDARD = gnu17;
				GCC_DYNAMIC_NO_PIC = NO;
				GCC_NO_COMMON_BLOCKS = YES;
				GCC_OPTIMIZATION_LEVEL = 0;
				GCC_PREPROCESSOR_DEFINITIONS = (
					"DEBUG=1",
					"$(inherited)",
				);
				GCC_WARN_64_TO_32_BIT_CONVERSION = YES;
				GCC_WARN_ABOUT_RETURN_TYPE = YES_ERROR;
				GCC_WARN_UNDECLARED_SELECTOR = YES;
				GCC_WARN_UNINITIALIZED_AUTOS = YES_AGGRESSIVE;
				GCC_WARN_UNUSED_FUNCTION = YES;
				GCC_WARN_UNUSED_VARIABLE = YES;
				IPHONEOS_DEPLOYMENT_TARGET = 17.0;
				LOCALIZATION_PREFERS_STRING_CATALOGS = YES;
				MTL_ENABLE_DEBUG_INFO = INCLUDE_SOURCE;
				MTL_FAST_MATH = YES;
				ONLY_ACTIVE_ARCH = YES;
				SDKROOT = iphoneos;
				SWIFT_ACTIVE_COMPILATION_CONDITIONS = "DEBUG $(inherited)";
				SWIFT_OPTIMIZATION_LEVEL = "-Onone";
			};
			name = Debug;
		};
		957D36512B96DC9100E5E342 /* Release */ = {
			isa = XCBuildConfiguration;
			buildSettings = {
				ALWAYS_SEARCH_USER_PATHS = NO;
				ASSETCATALOG_COMPILER_GENERATE_SWIFT_ASSET_SYMBOL_EXTENSIONS = YES;
				CLANG_ANALYZER_NONNULL = YES;
				CLANG_ANALYZER_NUMBER_OBJECT_CONVERSION = YES_AGGRESSIVE;
				CLANG_CXX_LANGUAGE_STANDARD = "gnu++20";
				CLANG_ENABLE_MODULES = YES;
				CLANG_ENABLE_OBJC_ARC = YES;
				CLANG_ENABLE_OBJC_WEAK = YES;
				CLANG_WARN_BLOCK_CAPTURE_AUTORELEASING = YES;
				CLANG_WARN_BOOL_CONVERSION = YES;
				CLANG_WARN_COMMA = YES;
				CLANG_WARN_CONSTANT_CONVERSION = YES;
				CLANG_WARN_DEPRECATED_OBJC_IMPLEMENTATIONS = YES;
				CLANG_WARN_DIRECT_OBJC_ISA_USAGE = YES_ERROR;
				CLANG_WARN_DOCUMENTATION_COMMENTS = YES;
				CLANG_WARN_EMPTY_BODY = YES;
				CLANG_WARN_ENUM_CONVERSION = YES;
				CLANG_WARN_INFINITE_RECURSION = YES;
				CLANG_WARN_INT_CONVERSION = YES;
				CLANG_WARN_NON_LITERAL_NULL_CONVERSION = YES;
				CLANG_WARN_OBJC_IMPLICIT_RETAIN_SELF = YES;
				CLANG_WARN_OBJC_LITERAL_CONVERSION = YES;
				CLANG_WARN_OBJC_ROOT_CLASS = YES_ERROR;
				CLANG_WARN_QUOTED_INCLUDE_IN_FRAMEWORK_HEADER = YES;
				CLANG_WARN_RANGE_LOOP_ANALYSIS = YES;
				CLANG_WARN_STRICT_PROTOTYPES = YES;
				CLANG_WARN_SUSPICIOUS_MOVE = YES;
				CLANG_WARN_UNGUARDED_AVAILABILITY = YES_AGGRESSIVE;
				CLANG_WARN_UNREACHABLE_CODE = YES;
				CLANG_WARN__DUPLICATE_METHOD_MATCH = YES;
				COPY_PHASE_STRIP = NO;
				DEBUG_INFORMATION_FORMAT = "dwarf-with-dsym";
				ENABLE_NS_ASSERTIONS = NO;
				ENABLE_STRICT_OBJC_MSGSEND = YES;
				ENABLE_USER_SCRIPT_SANDBOXING = YES;
				GCC_C_LANGUAGE_STANDARD = gnu17;
				GCC_NO_COMMON_BLOCKS = YES;
				GCC_WARN_64_TO_32_BIT_CONVERSION = YES;
				GCC_WARN_ABOUT_RETURN_TYPE = YES_ERROR;
				GCC_WARN_UNDECLARED_SELECTOR = YES;
				GCC_WARN_UNINITIALIZED_AUTOS = YES_AGGRESSIVE;
				GCC_WARN_UNUSED_FUNCTION = YES;
				GCC_WARN_UNUSED_VARIABLE = YES;
				IPHONEOS_DEPLOYMENT_TARGET = 17.0;
				LOCALIZATION_PREFERS_STRING_CATALOGS = YES;
				MTL_ENABLE_DEBUG_INFO = NO;
				MTL_FAST_MATH = YES;
				SDKROOT = iphoneos;
				SWIFT_COMPILATION_MODE = wholemodule;
				VALIDATE_PRODUCT = YES;
			};
			name = Release;
		};
		957D36532B96DC9100E5E342 /* Debug */ = {
			isa = XCBuildConfiguration;
			buildSettings = {
				ASSETCATALOG_COMPILER_APPICON_NAME = AppIcon;
				ASSETCATALOG_COMPILER_GLOBAL_ACCENT_COLOR_NAME = AccentColor;
				CODE_SIGN_STYLE = Automatic;
				CURRENT_PROJECT_VERSION = 1;
				DEVELOPMENT_ASSET_PATHS = "\"SwiftUI_Features/Preview Content\"";
				DEVELOPMENT_TEAM = 9E3N64F2YY;
				ENABLE_PREVIEWS = YES;
				GENERATE_INFOPLIST_FILE = YES;
				INFOPLIST_KEY_UIApplicationSceneManifest_Generation = YES;
				INFOPLIST_KEY_UIApplicationSupportsIndirectInputEvents = YES;
				INFOPLIST_KEY_UILaunchScreen_Generation = YES;
				INFOPLIST_KEY_UISupportedInterfaceOrientations_iPad = "UIInterfaceOrientationPortrait UIInterfaceOrientationPortraitUpsideDown UIInterfaceOrientationLandscapeLeft UIInterfaceOrientationLandscapeRight";
				INFOPLIST_KEY_UISupportedInterfaceOrientations_iPhone = "UIInterfaceOrientationPortrait UIInterfaceOrientationLandscapeLeft UIInterfaceOrientationLandscapeRight";
				IPHONEOS_DEPLOYMENT_TARGET = 17.0;
				LD_RUNPATH_SEARCH_PATHS = (
					"$(inherited)",
					"@executable_path/Frameworks",
				);
				MARKETING_VERSION = 1.0;
				PRODUCT_BUNDLE_IDENTIFIER = "Home.SwiftUI-Features";
				PRODUCT_NAME = "$(TARGET_NAME)";
				SWIFT_EMIT_LOC_STRINGS = YES;
				SWIFT_VERSION = 5.0;
				TARGETED_DEVICE_FAMILY = "1,2";
			};
			name = Debug;
		};
		957D36542B96DC9100E5E342 /* Release */ = {
			isa = XCBuildConfiguration;
			buildSettings = {
				ASSETCATALOG_COMPILER_APPICON_NAME = AppIcon;
				ASSETCATALOG_COMPILER_GLOBAL_ACCENT_COLOR_NAME = AccentColor;
				CODE_SIGN_STYLE = Automatic;
				CURRENT_PROJECT_VERSION = 1;
				DEVELOPMENT_ASSET_PATHS = "\"SwiftUI_Features/Preview Content\"";
				DEVELOPMENT_TEAM = 9E3N64F2YY;
				ENABLE_PREVIEWS = YES;
				GENERATE_INFOPLIST_FILE = YES;
				INFOPLIST_KEY_UIApplicationSceneManifest_Generation = YES;
				INFOPLIST_KEY_UIApplicationSupportsIndirectInputEvents = YES;
				INFOPLIST_KEY_UILaunchScreen_Generation = YES;
				INFOPLIST_KEY_UISupportedInterfaceOrientations_iPad = "UIInterfaceOrientationPortrait UIInterfaceOrientationPortraitUpsideDown UIInterfaceOrientationLandscapeLeft UIInterfaceOrientationLandscapeRight";
				INFOPLIST_KEY_UISupportedInterfaceOrientations_iPhone = "UIInterfaceOrientationPortrait UIInterfaceOrientationLandscapeLeft UIInterfaceOrientationLandscapeRight";
				IPHONEOS_DEPLOYMENT_TARGET = 17.0;
				LD_RUNPATH_SEARCH_PATHS = (
					"$(inherited)",
					"@executable_path/Frameworks",
				);
				MARKETING_VERSION = 1.0;
				PRODUCT_BUNDLE_IDENTIFIER = "Home.SwiftUI-Features";
				PRODUCT_NAME = "$(TARGET_NAME)";
				SWIFT_EMIT_LOC_STRINGS = YES;
				SWIFT_VERSION = 5.0;
				TARGETED_DEVICE_FAMILY = "1,2";
			};
			name = Release;
		};
/* End XCBuildConfiguration section */

/* Begin XCConfigurationList section */
		957D363F2B96DC8D00E5E342 /* Build configuration list for PBXProject "SwiftUI_Features" */ = {
			isa = XCConfigurationList;
			buildConfigurations = (
				957D36502B96DC9100E5E342 /* Debug */,
				957D36512B96DC9100E5E342 /* Release */,
			);
			defaultConfigurationIsVisible = 0;
			defaultConfigurationName = Release;
		};
		957D36522B96DC9100E5E342 /* Build configuration list for PBXNativeTarget "SwiftUI_Features" */ = {
			isa = XCConfigurationList;
			buildConfigurations = (
				957D36532B96DC9100E5E342 /* Debug */,
				957D36542B96DC9100E5E342 /* Release */,
			);
			defaultConfigurationIsVisible = 0;
			defaultConfigurationName = Release;
		};
/* End XCConfigurationList section */
	};
	rootObject = 957D363C2B96DC8D00E5E342 /* Project object */;
}
